
Microsoft Visual Studio Solution File, Format Version 11.00
# Visual Studio 2010
Project("{FAE04EC0-301F-11D3-BF4B-00C04F79EFBC}") = "Web", "Web\Web.csproj", "{DB26F448-69F4-4D66-B3A3-6DCF2B1BC14D}"
EndProject
Project("{FAE04EC0-301F-11D3-BF4B-00C04F79EFBC}") = "DAL", "DAL\DAL.csproj", "{0936BD99-34E1-443F-B69F-44F811F559A2}"
EndProject
Project("{FAE04EC0-301F-11D3-BF4B-00C04F79EFBC}") = "Common", "Common\Common.csproj", "{C4CFB4D1-6D2A-4593-80EF-9B47FE4F7C80}"
EndProject
Global
	GlobalSection(SolutionConfigurationPlatforms) = preSolution
		Debug|Any CPU = Debug|Any CPU
		Release|Any CPU = Release|Any CPU
	EndGlobalSection
	GlobalSection(ProjectConfigurationPlatforms) = postSolution
		{DB26F448-69F4-4D66-B3A3-6DCF2B1BC14D}.Debug|Any CPU.ActiveCfg = Debug|Any CPU
		{DB26F448-69F4-4D66-B3A3-6DCF2B1BC14D}.Debug|Any CPU.Build.0 = Debug|Any CPU
		{DB26F448-69F4-4D66-B3A3-6DCF2B1BC14D}.Release|Any CPU.ActiveCfg = Release|Any CPU
		{DB26F448-69F4-4D66-B3A3-6DCF2B1BC14D}.Release|Any CPU.Build.0 = Release|Any CPU
		{0936BD99-34E1-443F-B69F-44F811F559A2}.Debug|Any CPU.ActiveCfg = Debug|Any CPU
		{0936BD99-34E1-443F-B69F-44F811F559A2}.Debug|Any CPU.Build.0 = Debug|Any CPU
		{0936BD99-34E1-443F-B69F-44F811F559A2}.Release|Any CPU.ActiveCfg = Release|Any CPU
		{0936BD99-34E1-443F-B69F-44F811F559A2}.Release|Any CPU.Build.0 = Release|Any CPU
		{C4CFB4D1-6D2A-4593-80EF-9B47FE4F7C80}.Debug|Any CPU.ActiveCfg = Debug|Any CPU
		{C4CFB4D1-6D2A-4593-80EF-9B47FE4F7C80}.Debug|Any CPU.Build.0 = Debug|Any CPU
		{C4CFB4D1-6D2A-4593-80EF-9B47FE4F7C80}.Release|Any CPU.ActiveCfg = Release|Any CPU
		{C4CFB4D1-6D2A-4593-80EF-9B47FE4F7C80}.Release|Any CPU.Build.0 = Release|Any CPU
	EndGlobalSection
	GlobalSection(SolutionProperties) = preSolution
		HideSolutionNode = FALSE
	EndGlobalSection
EndGlobal
